
Microsoft Visual Studio Solution File, Format Version 12.00
# Visual Studio 15
VisualStudioVersion = 15.0.28010.2036
MinimumVisualStudioVersion = 10.0.40219.1
Project("{FAE04EC0-301F-11D3-BF4B-00C04F79EFBC}") = "DevBuild.PigLatin", "DevBuild.PigLatin\DevBuild.PigLatin.csproj", "{CA4AFAAF-EED2-4201-A1C5-AECFDEBEA9F5}"
EndProject
Global
	GlobalSection(SolutionConfigurationPlatforms) = preSolution
		Debug|Any CPU = Debug|Any CPU
		Release|Any CPU = Release|Any CPU
	EndGlobalSection
	GlobalSection(ProjectConfigurationPlatforms) = postSolution
		{CA4AFAAF-EED2-4201-A1C5-AECFDEBEA9F5}.Debug|Any CPU.ActiveCfg = Debug|Any CPU
		{CA4AFAAF-EED2-4201-A1C5-AECFDEBEA9F5}.Debug|Any CPU.Build.0 = Debug|Any CPU
		{CA4AFAAF-EED2-4201-A1C5-AECFDEBEA9F5}.Release|Any CPU.ActiveCfg = Release|Any CPU
		{CA4AFAAF-EED2-4201-A1C5-AECFDEBEA9F5}.Release|Any CPU.Build.0 = Release|Any CPU
	EndGlobalSection
	GlobalSection(SolutionProperties) = preSolution
		HideSolutionNode = FALSE
	EndGlobalSection
	GlobalSection(ExtensibilityGlobals) = postSolution
		SolutionGuid = {222D3814-964B-4A4D-863C-E5BC6B988272}
	EndGlobalSection
EndGlobal
